
Microsoft Visual Studio Solution File, Format Version 12.00
# Visual Studio 15
VisualStudioVersion = 15.0.28307.1022
MinimumVisualStudioVersion = 10.0.40219.1
Project("{FAE04EC0-301F-11D3-BF4B-00C04F79EFBC}") = "CS_Step56", "CS_Step56\CS_Step56.csproj", "{6139F698-CA39-4B2D-A410-6D2571472088}"
EndProject
Global
	GlobalSection(SolutionConfigurationPlatforms) = preSolution
		Debug|Any CPU = Debug|Any CPU
		Release|Any CPU = Release|Any CPU
	EndGlobalSection
	GlobalSection(ProjectConfigurationPlatforms) = postSolution
		{6139F698-CA39-4B2D-A410-6D2571472088}.Debug|Any CPU.ActiveCfg = Debug|Any CPU
		{6139F698-CA39-4B2D-A410-6D2571472088}.Debug|Any CPU.Build.0 = Debug|Any CPU
		{6139F698-CA39-4B2D-A410-6D2571472088}.Release|Any CPU.ActiveCfg = Release|Any CPU
		{6139F698-CA39-4B2D-A410-6D2571472088}.Release|Any CPU.Build.0 = Release|Any CPU
	EndGlobalSection
	GlobalSection(SolutionProperties) = preSolution
		HideSolutionNode = FALSE
	EndGlobalSection
	GlobalSection(ExtensibilityGlobals) = postSolution
		SolutionGuid = {FFED4E5A-6D69-4EC2-8572-10BEF10B0D9A}
	EndGlobalSection
EndGlobal
